
Microsoft Visual Studio Solution File, Format Version 12.00
Project("{FAE04EC0-301F-11D3-BF4B-00C04F79EFBC}") = "NumerosRomanos", "NumerosRomanos\NumerosRomanos.csproj", "{49C265C3-7DE0-43A2-B045-61EF16768BF6}"
EndProject
Global
	GlobalSection(SolutionConfigurationPlatforms) = preSolution
		Debug|Any CPU = Debug|Any CPU
		Release|Any CPU = Release|Any CPU
	EndGlobalSection
	GlobalSection(ProjectConfigurationPlatforms) = postSolution
		{49C265C3-7DE0-43A2-B045-61EF16768BF6}.Debug|Any CPU.ActiveCfg = Debug|Any CPU
		{49C265C3-7DE0-43A2-B045-61EF16768BF6}.Debug|Any CPU.Build.0 = Debug|Any CPU
		{49C265C3-7DE0-43A2-B045-61EF16768BF6}.Release|Any CPU.ActiveCfg = Release|Any CPU
		{49C265C3-7DE0-43A2-B045-61EF16768BF6}.Release|Any CPU.Build.0 = Release|Any CPU
	EndGlobalSection
EndGlobal
